
Microsoft Visual Studio Solution File, Format Version 12.00
# Visual Studio Version 17
VisualStudioVersion = 17.10.34928.147
MinimumVisualStudioVersion = 10.0.40219.1
Project("{FAE04EC0-301F-11D3-BF4B-00C04F79EFBC}") = "MauiMVVM", "MauiMVVM\MauiMVVM.csproj", "{5BBBFF6F-BAB9-42E7-B68F-B6558833EA5E}"
EndProject
Global
	GlobalSection(SolutionConfigurationPlatforms) = preSolution
		Debug|Any CPU = Debug|Any CPU
		Release|Any CPU = Release|Any CPU
	EndGlobalSection
	GlobalSection(ProjectConfigurationPlatforms) = postSolution
		{5BBBFF6F-BAB9-42E7-B68F-B6558833EA5E}.Debug|Any CPU.ActiveCfg = Debug|Any CPU
		{5BBBFF6F-BAB9-42E7-B68F-B6558833EA5E}.Debug|Any CPU.Build.0 = Debug|Any CPU
		{5BBBFF6F-BAB9-42E7-B68F-B6558833EA5E}.Debug|Any CPU.Deploy.0 = Debug|Any CPU
		{5BBBFF6F-BAB9-42E7-B68F-B6558833EA5E}.Release|Any CPU.ActiveCfg = Release|Any CPU
		{5BBBFF6F-BAB9-42E7-B68F-B6558833EA5E}.Release|Any CPU.Build.0 = Release|Any CPU
		{5BBBFF6F-BAB9-42E7-B68F-B6558833EA5E}.Release|Any CPU.Deploy.0 = Release|Any CPU
	EndGlobalSection
	GlobalSection(SolutionProperties) = preSolution
		HideSolutionNode = FALSE
	EndGlobalSection
	GlobalSection(ExtensibilityGlobals) = postSolution
		SolutionGuid = {5B92F25E-A7E2-4423-972E-F18EF0B34E0F}
	EndGlobalSection
EndGlobal
